# THIS IS AN AUTOGENERATED FILE. DO NOT EDIT THIS FILE DIRECTLY.
# yarn lockfile v1


react-native-image-picker@^7.1.2:
  version "7.1.2"
  resolved "https://registry.yarnpkg.com/react-native-image-picker/-/react-native-image-picker-7.1.2.tgz#383849d1953caf4578874a1f5e5dd11c737bd5cd"
  integrity sha512-b5y5nP60RIPxlAXlptn2QwlIuZWCUDWa/YPUVjgHc0Ih60mRiOg1PSzf0IjHSLeOZShCpirpvSPGnDExIpTRUg==
